Microsoft Visual Studio Solution File, Format Version 12.00
# Visual Studio Version 17
VisualStudioVersion = 17.5.2.0
MinimumVisualStudioVersion = 10.0.40219.1
Project("{FAE04EC0-301F-11D3-BF4B-00C04F79EFBC}") = "car_class", "car_class.csproj", "{9F1C8E2A-25BA-BD60-2846-D7A2BA055197}"
EndProject
Global
	GlobalSection(SolutionConfigurationPlatforms) = preSolution
		Debug|Any CPU = Debug|Any CPU
		Release|Any CPU = Release|Any CPU
	EndGlobalSection
	GlobalSection(ProjectConfigurationPlatforms) = postSolution
		{9F1C8E2A-25BA-BD60-2846-D7A2BA055197}.Debug|Any CPU.ActiveCfg = Debug|Any CPU
		{9F1C8E2A-25BA-BD60-2846-D7A2BA055197}.Debug|Any CPU.Build.0 = Debug|Any CPU
		{9F1C8E2A-25BA-BD60-2846-D7A2BA055197}.Release|Any CPU.ActiveCfg = Release|Any CPU
		{9F1C8E2A-25BA-BD60-2846-D7A2BA055197}.Release|Any CPU.Build.0 = Release|Any CPU
	EndGlobalSection
	GlobalSection(SolutionProperties) = preSolution
		HideSolutionNode = FALSE
	EndGlobalSection
	GlobalSection(ExtensibilityGlobals) = postSolution
		SolutionGuid = {11A50F7E-F45F-431B-B33A-E296B0840F21}
	EndGlobalSection
EndGlobal
